<?xml version="1.0" encoding="utf-8"?>
<Project ToolsVersion="4.0" xmlns="http://schemas.microsoft.com/developer/msbuild/2003">
  <ItemGroup>
    <ClCompile Include="LINKED_LIST.cpp" />
    <ClCompile Include="SEMESTER.cpp" />
    <ClCompile Include="USER.cpp" />
    <ClCompile Include="main.cpp" />
    <ClCompile Include="tachfilecsv.cpp" />
    <ClCompile Include="staff_1.cpp" />
    <ClCompile Include="baseStructure.cpp" />
    <ClCompile Include="myGraphicsLib.cpp" />
    <ClCompile Include="getDataAndSynch.cpp" />
    <ClCompile Include="staff_2.cpp" />
    <ClCompile Include="staff_3.cpp" />
    <ClCompile Include="staff_4_5.cpp" />
    <ClCompile Include="deleteDLL.cpp" />
    <ClCompile Include="student.cpp" />
  </ItemGroup>
  <ItemGroup>
    <ClInclude Include="header.h" />
    <ClInclude Include="staff.h" />
    <ClInclude Include="baseStructure.h" />
    <ClInclude Include="myGraphicsLib.h" />
    <ClInclude Include="getDataAndSynch.h" />
    <ClInclude Include="deleteDLL.h" />
    <ClInclude Include="student.h" />
  </ItemGroup>
</Project>